
Microsoft Visual Studio Solution File, Format Version 12.00
# Visual Studio Version 16
VisualStudioVersion = 16.0.29001.49
MinimumVisualStudioVersion = 10.0.40219.1
Project("{FAE04EC0-301F-11D3-BF4B-00C04F79EFBC}") = "SquidDraftLeague.Airtable", "SquidDraftLeague.Airtable\SquidDraftLeague.Airtable.csproj", "{77689AA4-6EBF-4F53-9C0F-20BBA5201B67}"
EndProject
Global
	GlobalSection(SolutionConfigurationPlatforms) = preSolution
		Debug|Any CPU = Debug|Any CPU
		Release|Any CPU = Release|Any CPU
	EndGlobalSection
	GlobalSection(ProjectConfigurationPlatforms) = postSolution
		{77689AA4-6EBF-4F53-9C0F-20BBA5201B67}.Debug|Any CPU.ActiveCfg = Debug|Any CPU
		{77689AA4-6EBF-4F53-9C0F-20BBA5201B67}.Debug|Any CPU.Build.0 = Debug|Any CPU
		{77689AA4-6EBF-4F53-9C0F-20BBA5201B67}.Release|Any CPU.ActiveCfg = Release|Any CPU
		{77689AA4-6EBF-4F53-9C0F-20BBA5201B67}.Release|Any CPU.Build.0 = Release|Any CPU
	EndGlobalSection
	GlobalSection(SolutionProperties) = preSolution
		HideSolutionNode = FALSE
	EndGlobalSection
	GlobalSection(ExtensibilityGlobals) = postSolution
		SolutionGuid = {771D47E0-937E-4F0D-883E-2FB3A43B8545}
	EndGlobalSection
EndGlobal
